PODS:
  - Alamofire (4.9.1)
  - SDWebImage (5.14.2):
    - SDWebImage/Core (= 5.14.2)
  - SDWebImage/Core (5.14.2)
  - SwiftyJSON (4.3.0)

DEPENDENCIES:
  - Alamofire
  - SDWebImage (~> 5.0)
  - SwiftyJSON (~> 4.0)

SPEC REPOS:
  trunk:
    - Alamofire
    - SDWebImage
    - SwiftyJSON

SPEC CHECKSUMS:
  Alamofire: 85e8a02c69d6020a0d734f6054870d7ecb75cf18
  SDWebImage: b9a731e1d6307f44ca703b3976d18c24ca561e84
  SwiftyJSON: 6faa0040f8b59dead0ee07436cbf76b73c08fd08

PODFILE CHECKSUM: 1843358e0c617d6a00d54875e8330c60503aed7f

COCOAPODS: 1.11.3
